<?xml version="1.0" encoding="utf-8"?>
<Project ToolsVersion="4.0" xmlns="http://schemas.microsoft.com/developer/msbuild/2003">
  <ItemGroup>
    <Filter Include="Source Files">
      <UniqueIdentifier>{4FC737F1-C7A5-4376-A066-2A32D752A2FF}</UniqueIdentifier>
      <Extensions>cpp;c;cc;cxx;def;odl;idl;hpj;bat;asm;asmx</Extensions>
    </Filter>
    <Filter Include="Header Files">
      <UniqueIdentifier>{93995380-89BD-4b04-88EB-625FBE52EBFB}</UniqueIdentifier>
      <Extensions>h;hh;hpp;hxx;hm;inl;inc;xsd</Extensions>
    </Filter>
    <Filter Include="Resource Files">
      <UniqueIdentifier>{67DA6AB6-F800-4c08-8B7A-83BB121AAD01}</UniqueIdentifier>
      <Extensions>rc;ico;cur;bmp;dlg;rc2;rct;bin;rgs;gif;jpg;jpeg;jpe;resx;tiff;tif;png;wav;mfcribbon-ms</Extensions>
    </Filter>
  </ItemGroup>
  <ItemGroup>
    <ClCompile Include="GameObject.cpp">
      <Filter>Source Files</Filter>
    </ClCompile>
    <ClCompile Include="Background.cpp">
      <Filter>Source Files</Filter>
    </ClCompile>
    <ClCompile Include="TextClass.cpp">
      <Filter>Source Files</Filter>
    </ClCompile>
    <ClCompile Include="Months.cpp">
      <Filter>Source Files</Filter>
    </ClCompile>
    <ClCompile Include="Turret.cpp">
      <Filter>Source Files</Filter>
    </ClCompile>
    <ClCompile Include="Ammo.cpp">
      <Filter>Source Files</Filter>
    </ClCompile>
    <ClCompile Include="BasicEnemy.cpp">
      <Filter>Source Files</Filter>
    </ClCompile>
    <ClCompile Include="Generator.cpp">
      <Filter>Source Files</Filter>
    </ClCompile>
    <ClCompile Include="BasicEnemyGen.cpp">
      <Filter>Source Files</Filter>
    </ClCompile>
    <ClCompile Include="EnemyAmmo.cpp">
      <Filter>Source Files</Filter>
    </ClCompile>
    <ClCompile Include="EnemyAmmoGen.cpp">
      <Filter>Source Files</Filter>
    </ClCompile>
    <ClCompile Include="Explosion.cpp">
      <Filter>Source Files</Filter>
    </ClCompile>
    <ClCompile Include="MitovsHead.cpp">
      <Filter>Source Files</Filter>
    </ClCompile>
    <ClCompile Include="MitovGenerator.cpp">
      <Filter>Source Files</Filter>
    </ClCompile>
    <ClCompile Include="MitovsAmmo.cpp">
      <Filter>Source Files</Filter>
    </ClCompile>
    <ClCompile Include="MitovsAmmoGen.cpp">
      <Filter>Source Files</Filter>
    </ClCompile>
    <ClCompile Include="Animation.cpp">
      <Filter>Source Files</Filter>
    </ClCompile>
    <ClCompile Include="TougherEnemyGen.cpp">
      <Filter>Source Files</Filter>
    </ClCompile>
    <ClCompile Include="TougherEnemy.cpp">
      <Filter>Source Files</Filter>
    </ClCompile>
    <ClCompile Include="TougherEnemyAmmo.cpp">
      <Filter>Source Files</Filter>
    </ClCompile>
    <ClCompile Include="TougherEnemyAmmoGen.cpp">
      <Filter>Source Files</Filter>
    </ClCompile>
    <ClCompile Include="Scene.cpp">
      <Filter>Source Files</Filter>
    </ClCompile>
    <ClCompile Include="Scenes\LevelOne.cpp">
      <Filter>Source Files</Filter>
    </ClCompile>
    <ClCompile Include="GameEngine.cpp">
      <Filter>Source Files</Filter>
    </ClCompile>
    <ClCompile Include="Button.cpp">
      <Filter>Source Files</Filter>
    </ClCompile>
    <ClCompile Include="Scenes\StartGameScene.cpp">
      <Filter>Source Files</Filter>
    </ClCompile>
    <ClCompile Include="Scenes\FinalScene.cpp">
      <Filter>Source Files</Filter>
    </ClCompile>
    <ClCompile Include="GameEndingScreen.cpp">
      <Filter>Source Files</Filter>
    </ClCompile>
    <ClCompile Include="Scenes\EscapeScene.cpp">
      <Filter>Source Files</Filter>
    </ClCompile>
    <ClCompile Include="EscapeBackground.cpp">
      <Filter>Source Files</Filter>
    </ClCompile>
    <ClCompile Include="EventManager.cpp">
      <Filter>Source Files</Filter>
    </ClCompile>
    <ClCompile Include="Bonus.cpp">
      <Filter>Source Files</Filter>
    </ClCompile>
    <ClCompile Include="BonusesGenerator.cpp">
      <Filter>Source Files</Filter>
    </ClCompile>
    <ClCompile Include="GameLogo.cpp">
      <Filter>Source Files</Filter>
    </ClCompile>
  </ItemGroup>
  <ItemGroup>
    <Image Include="pictures\kungfu.bmp">
      <Filter>Resource Files</Filter>
    </Image>
    <Image Include="pictures\mitov.png">
      <Filter>Resource Files</Filter>
    </Image>
    <Image Include="pictures\shmuk.bmp">
      <Filter>Resource Files</Filter>
    </Image>
  </ItemGroup>
  <ItemGroup>
    <Font Include="fonts\Lato-Bold.ttf" />
    <Font Include="fonts\Lato-Light.ttf" />
    <Font Include="fonts\Lato-Regular.ttf" />
    <Font Include="fonts\ka1.ttf" />
  </ItemGroup>
  <ItemGroup>
    <ClInclude Include="Headers\Ammo.h">
      <Filter>Header Files</Filter>
    </ClInclude>
    <ClInclude Include="Headers\Background.h">
      <Filter>Header Files</Filter>
    </ClInclude>
    <ClInclude Include="Headers\BasicEnemy.h">
      <Filter>Header Files</Filter>
    </ClInclude>
    <ClInclude Include="Headers\BasicEnemyGen.h">
      <Filter>Header Files</Filter>
    </ClInclude>
    <ClInclude Include="Headers\EnemyAmmo.h">
      <Filter>Header Files</Filter>
    </ClInclude>
    <ClInclude Include="Headers\EnemyAmmoGen.h">
      <Filter>Header Files</Filter>
    </ClInclude>
    <ClInclude Include="Headers\GameObject.h">
      <Filter>Header Files</Filter>
    </ClInclude>
    <ClInclude Include="Headers\Generator.h">
      <Filter>Header Files</Filter>
    </ClInclude>
    <ClInclude Include="Headers\MitovsHead.h">
      <Filter>Header Files</Filter>
    </ClInclude>
    <ClInclude Include="Headers\Months.h">
      <Filter>Header Files</Filter>
    </ClInclude>
    <ClInclude Include="Headers\StellasHead.h">
      <Filter>Header Files</Filter>
    </ClInclude>
    <ClInclude Include="Headers\TextClass.h">
      <Filter>Header Files</Filter>
    </ClInclude>
    <ClInclude Include="Headers\Turret.h">
      <Filter>Header Files</Filter>
    </ClInclude>
    <ClInclude Include="Headers\GameEndingScreen.h">
      <Filter>Header Files</Filter>
    </ClInclude>
    <ClInclude Include="Headers\Explosion.h">
      <Filter>Header Files</Filter>
    </ClInclude>
    <ClInclude Include="Headers\MitovGenerator.h">
      <Filter>Header Files</Filter>
    </ClInclude>
    <ClInclude Include="Headers\MitovsAmmo.h">
      <Filter>Header Files</Filter>
    </ClInclude>
    <ClInclude Include="Headers\MitovsAmmoGen.h">
      <Filter>Header Files</Filter>
    </ClInclude>
    <ClInclude Include="Headers\Animation.h">
      <Filter>Header Files</Filter>
    </ClInclude>
    <ClInclude Include="Headers\TougherEnemy.h">
      <Filter>Header Files</Filter>
    </ClInclude>
    <ClInclude Include="Headers\TougherEnemyAmmo.h">
      <Filter>Header Files</Filter>
    </ClInclude>
    <ClInclude Include="Headers\TougherEnemyAmmoGen.h">
      <Filter>Header Files</Filter>
    </ClInclude>
    <ClInclude Include="Headers\TougherEnemyGen.h">
      <Filter>Header Files</Filter>
    </ClInclude>
    <ClInclude Include="Headers\Scene.h">
      <Filter>Header Files</Filter>
    </ClInclude>
    <ClInclude Include="Scenes\LevelOne.h">
      <Filter>Header Files</Filter>
    </ClInclude>
    <ClInclude Include="Headers\Button.h">
      <Filter>Header Files</Filter>
    </ClInclude>
    <ClInclude Include="Scenes\StartGameScene.h">
      <Filter>Header Files</Filter>
    </ClInclude>
    <ClInclude Include="Scenes\FinalScene.h">
      <Filter>Header Files</Filter>
    </ClInclude>
    <ClInclude Include="Scenes\EscapeScene.h">
      <Filter>Header Files</Filter>
    </ClInclude>
    <ClInclude Include="Headers\EventManager.h">
      <Filter>Header Files</Filter>
    </ClInclude>
    <ClInclude Include="Headers\EscapeBackground.h">
      <Filter>Header Files</Filter>
    </ClInclude>
    <ClInclude Include="Headers\Bonus.h">
      <Filter>Header Files</Filter>
    </ClInclude>
    <ClInclude Include="Headers\BonusesGenerator.h">
      <Filter>Header Files</Filter>
    </ClInclude>
    <ClInclude Include="Headers\GameLogo.h">
      <Filter>Header Files</Filter>
    </ClInclude>
  </ItemGroup>
</Project>